// !$*UTF8*$!
{
	archiveVersion = 1;
	classes = {
	};
	objectVersion = 56;
	objects = {

/* Begin PBXBuildFile section */
		9F00F5A22BF5DAA400A2CE23 /* StregthRoutine.swift in Sources */ = {isa = PBXBuildFile; fileRef = 9F00F5A12BF5DAA400A2CE23 /* StregthRoutine.swift */; };
		9F02647D2BF5FA7200B39F9F /* MediterranianDiet.swift in Sources */ = {isa = PBXBuildFile; fileRef = 9F02647C2BF5FA7200B39F9F /* MediterranianDiet.swift */; };
		9F0F08612BF3D8B500CDF0C0 /* Extension+NSMutableParagraphStyle.swift in Sources */ = {isa = PBXBuildFile; fileRef = 9F0F08602BF3D8B500CDF0C0 /* Extension+NSMutableParagraphStyle.swift */; };
		9F11449A2BF674F6008D650C /* WorkoutViewModel.swift in Sources */ = {isa = PBXBuildFile; fileRef = 9F1144992BF674F6008D650C /* WorkoutViewModel.swift */; };
		9F11449C2BF67500008D650C /* DietViewModel.swift in Sources */ = {isa = PBXBuildFile; fileRef = 9F11449B2BF67500008D650C /* DietViewModel.swift */; };
		9F15CB012BED247A00626A92 /* UsersViewModel.swift in Sources */ = {isa = PBXBuildFile; fileRef = 9F15CB002BED247A00626A92 /* UsersViewModel.swift */; };
		9F160AB02BF524CC00DC4C06 /* WorkoutViewController.swift in Sources */ = {isa = PBXBuildFile; fileRef = 9F160AAE2BF524CC00DC4C06 /* WorkoutViewController.swift */; };
		9F160AB12BF524CC00DC4C06 /* WorkoutViewController.xib in Resources */ = {isa = PBXBuildFile; fileRef = 9F160AAF2BF524CC00DC4C06 /* WorkoutViewController.xib */; };
		9F160AB42BF524E700DC4C06 /* DietViewController.swift in Sources */ = {isa = PBXBuildFile; fileRef = 9F160AB22BF524E700DC4C06 /* DietViewController.swift */; };
		9F160AB52BF524E700DC4C06 /* DietViewController.xib in Resources */ = {isa = PBXBuildFile; fileRef = 9F160AB32BF524E700DC4C06 /* DietViewController.xib */; };
		9F160AB92BF5256C00DC4C06 /* Trainer.swift in Sources */ = {isa = PBXBuildFile; fileRef = 9F160AB82BF5256C00DC4C06 /* Trainer.swift */; };
		9F23466C2BF52B19005FAB13 /* Exercise.swift in Sources */ = {isa = PBXBuildFile; fileRef = 9F23466B2BF52B19005FAB13 /* Exercise.swift */; };
		9F23466E2BF52D04005FAB13 /* Enums.swift in Sources */ = {isa = PBXBuildFile; fileRef = 9F23466D2BF52D04005FAB13 /* Enums.swift */; };
		9F2346732BF52DBE005FAB13 /* ExerciseDay.swift in Sources */ = {isa = PBXBuildFile; fileRef = 9F2346722BF52DBE005FAB13 /* ExerciseDay.swift */; };
		9F2346752BF52F80005FAB13 /* Training.swift in Sources */ = {isa = PBXBuildFile; fileRef = 9F2346742BF52F80005FAB13 /* Training.swift */; };
		9F2346772BF5310D005FAB13 /* Recipe.swift in Sources */ = {isa = PBXBuildFile; fileRef = 9F2346762BF5310C005FAB13 /* Recipe.swift */; };
		9F2346792BF535FC005FAB13 /* NutritionalValues.swift in Sources */ = {isa = PBXBuildFile; fileRef = 9F2346782BF535FC005FAB13 /* NutritionalValues.swift */; };
		9F23467B2BF536CC005FAB13 /* DietDay.swift in Sources */ = {isa = PBXBuildFile; fileRef = 9F23467A2BF536CC005FAB13 /* DietDay.swift */; };
		9F23467D2BF5375D005FAB13 /* Diet.swift in Sources */ = {isa = PBXBuildFile; fileRef = 9F23467C2BF5375D005FAB13 /* Diet.swift */; };
		9F472E512BE01BC000DA8BA1 /* JGProgressHUD in Frameworks */ = {isa = PBXBuildFile; productRef = 9F472E502BE01BC000DA8BA1 /* JGProgressHUD */; };
		9F54980B2BFCB8E300CC8F96 /* ExerciseDetailViewController.swift in Sources */ = {isa = PBXBuildFile; fileRef = 9F5498092BFCB8E300CC8F96 /* ExerciseDetailViewController.swift */; };
		9F54980C2BFCB8E300CC8F96 /* ExerciseDetailViewController.xib in Resources */ = {isa = PBXBuildFile; fileRef = 9F54980A2BFCB8E300CC8F96 /* ExerciseDetailViewController.xib */; };
		9F54980F2BFCB8F700CC8F96 /* FoodDetailViewController.swift in Sources */ = {isa = PBXBuildFile; fileRef = 9F54980D2BFCB8F600CC8F96 /* FoodDetailViewController.swift */; };
		9F5498102BFCB8F700CC8F96 /* FoodDetailViewController.xib in Resources */ = {isa = PBXBuildFile; fileRef = 9F54980E2BFCB8F700CC8F96 /* FoodDetailViewController.xib */; };
		9F6DB86C2BF4B481001BAC32 /* PrincipalTableViewCell.swift in Sources */ = {isa = PBXBuildFile; fileRef = 9F6DB86A2BF4B481001BAC32 /* PrincipalTableViewCell.swift */; };
		9F6DB86D2BF4B481001BAC32 /* PrincipalTableViewCell.xib in Resources */ = {isa = PBXBuildFile; fileRef = 9F6DB86B2BF4B481001BAC32 /* PrincipalTableViewCell.xib */; };
		9F8AAC0D2C0F284500A0F005 /* Extension+UIImage.swift in Sources */ = {isa = PBXBuildFile; fileRef = 9F8AAC0C2C0F284500A0F005 /* Extension+UIImage.swift */; };
		9F8B4BBF2BF27788003A8269 /* UserDetailViewController.swift in Sources */ = {isa = PBXBuildFile; fileRef = 9F8B4BBD2BF27788003A8269 /* UserDetailViewController.swift */; };
		9F8B4BC02BF27788003A8269 /* UserDetailViewController.xib in Resources */ = {isa = PBXBuildFile; fileRef = 9F8B4BBE2BF27788003A8269 /* UserDetailViewController.xib */; };
		9F8B4BC22BF279C2003A8269 /* Athlete.swift in Sources */ = {isa = PBXBuildFile; fileRef = 9F8B4BC12BF279C2003A8269 /* Athlete.swift */; };
		9F8D70302BF906BC008817CC /* ExerciseDayViewController.swift in Sources */ = {isa = PBXBuildFile; fileRef = 9F8D702E2BF906BC008817CC /* ExerciseDayViewController.swift */; };
		9F8D70312BF906BC008817CC /* ExerciseDayViewController.xib in Resources */ = {isa = PBXBuildFile; fileRef = 9F8D702F2BF906BC008817CC /* ExerciseDayViewController.xib */; };
		9F90BD622BDFEFCB005AABF4 /* AppDelegate.swift in Sources */ = {isa = PBXBuildFile; fileRef = 9F90BD612BDFEFCB005AABF4 /* AppDelegate.swift */; };
		9F90BD642BDFEFCB005AABF4 /* SceneDelegate.swift in Sources */ = {isa = PBXBuildFile; fileRef = 9F90BD632BDFEFCB005AABF4 /* SceneDelegate.swift */; };
		9F90BD6B2BDFEFCD005AABF4 /* Assets.xcassets in Resources */ = {isa = PBXBuildFile; fileRef = 9F90BD6A2BDFEFCD005AABF4 /* Assets.xcassets */; };
		9F90BD6E2BDFEFCD005AABF4 /* LaunchScreen.storyboard in Resources */ = {isa = PBXBuildFile; fileRef = 9F90BD6C2BDFEFCD005AABF4 /* LaunchScreen.storyboard */; };
		9F90BD7F2BDFF1B4005AABF4 /* FirebaseAnalytics in Frameworks */ = {isa = PBXBuildFile; productRef = 9F90BD7E2BDFF1B4005AABF4 /* FirebaseAnalytics */; };
		9F90BD812BDFF1B4005AABF4 /* FirebaseAnalyticsOnDeviceConversion in Frameworks */ = {isa = PBXBuildFile; productRef = 9F90BD802BDFF1B4005AABF4 /* FirebaseAnalyticsOnDeviceConversion */; };
		9F90BD832BDFF1B4005AABF4 /* FirebaseAnalyticsSwift in Frameworks */ = {isa = PBXBuildFile; productRef = 9F90BD822BDFF1B4005AABF4 /* FirebaseAnalyticsSwift */; };
		9F90BD852BDFF1B4005AABF4 /* FirebaseAnalyticsWithoutAdIdSupport in Frameworks */ = {isa = PBXBuildFile; productRef = 9F90BD842BDFF1B4005AABF4 /* FirebaseAnalyticsWithoutAdIdSupport */; };
		9F90BD872BDFF1B4005AABF4 /* FirebaseAppCheck in Frameworks */ = {isa = PBXBuildFile; productRef = 9F90BD862BDFF1B4005AABF4 /* FirebaseAppCheck */; };
		9F90BD892BDFF1B4005AABF4 /* FirebaseAppDistribution-Beta in Frameworks */ = {isa = PBXBuildFile; productRef = 9F90BD882BDFF1B4005AABF4 /* FirebaseAppDistribution-Beta */; };
		9F90BD8B2BDFF1B4005AABF4 /* FirebaseAuth in Frameworks */ = {isa = PBXBuildFile; productRef = 9F90BD8A2BDFF1B4005AABF4 /* FirebaseAuth */; };
		9F90BD8D2BDFF1B4005AABF4 /* FirebaseAuthCombine-Community in Frameworks */ = {isa = PBXBuildFile; productRef = 9F90BD8C2BDFF1B4005AABF4 /* FirebaseAuthCombine-Community */; };
		9F90BD8F2BDFF1B4005AABF4 /* FirebaseCrashlytics in Frameworks */ = {isa = PBXBuildFile; productRef = 9F90BD8E2BDFF1B4005AABF4 /* FirebaseCrashlytics */; };
		9F90BD912BDFF1B4005AABF4 /* FirebaseDatabase in Frameworks */ = {isa = PBXBuildFile; productRef = 9F90BD902BDFF1B4005AABF4 /* FirebaseDatabase */; };
		9F90BD932BDFF1B4005AABF4 /* FirebaseDatabaseSwift in Frameworks */ = {isa = PBXBuildFile; productRef = 9F90BD922BDFF1B4005AABF4 /* FirebaseDatabaseSwift */; };
		9F90BD952BDFF1B4005AABF4 /* FirebaseDynamicLinks in Frameworks */ = {isa = PBXBuildFile; productRef = 9F90BD942BDFF1B4005AABF4 /* FirebaseDynamicLinks */; };
		9F90BD972BDFF1B4005AABF4 /* FirebaseFirestore in Frameworks */ = {isa = PBXBuildFile; productRef = 9F90BD962BDFF1B4005AABF4 /* FirebaseFirestore */; };
		9F90BD992BDFF1B4005AABF4 /* FirebaseFirestoreCombine-Community in Frameworks */ = {isa = PBXBuildFile; productRef = 9F90BD982BDFF1B4005AABF4 /* FirebaseFirestoreCombine-Community */; };
		9F90BD9B2BDFF1B4005AABF4 /* FirebaseFirestoreSwift in Frameworks */ = {isa = PBXBuildFile; productRef = 9F90BD9A2BDFF1B4005AABF4 /* FirebaseFirestoreSwift */; };
		9F90BD9D2BDFF1B4005AABF4 /* FirebaseFunctions in Frameworks */ = {isa = PBXBuildFile; productRef = 9F90BD9C2BDFF1B4005AABF4 /* FirebaseFunctions */; };
		9F90BD9F2BDFF1B4005AABF4 /* FirebaseFunctionsCombine-Community in Frameworks */ = {isa = PBXBuildFile; productRef = 9F90BD9E2BDFF1B4005AABF4 /* FirebaseFunctionsCombine-Community */; };
		9F90BDA12BDFF1B4005AABF4 /* FirebaseInAppMessaging-Beta in Frameworks */ = {isa = PBXBuildFile; productRef = 9F90BDA02BDFF1B4005AABF4 /* FirebaseInAppMessaging-Beta */; };
		9F90BDA32BDFF1B4005AABF4 /* FirebaseInAppMessagingSwift-Beta in Frameworks */ = {isa = PBXBuildFile; productRef = 9F90BDA22BDFF1B4005AABF4 /* FirebaseInAppMessagingSwift-Beta */; };
		9F90BDA52BDFF1B4005AABF4 /* FirebaseInstallations in Frameworks */ = {isa = PBXBuildFile; productRef = 9F90BDA42BDFF1B4005AABF4 /* FirebaseInstallations */; };
		9F90BDA72BDFF1B4005AABF4 /* FirebaseMLModelDownloader in Frameworks */ = {isa = PBXBuildFile; productRef = 9F90BDA62BDFF1B4005AABF4 /* FirebaseMLModelDownloader */; };
		9F90BDA92BDFF1B4005AABF4 /* FirebaseMessaging in Frameworks */ = {isa = PBXBuildFile; productRef = 9F90BDA82BDFF1B4005AABF4 /* FirebaseMessaging */; };
		9F90BDAB2BDFF1B4005AABF4 /* FirebasePerformance in Frameworks */ = {isa = PBXBuildFile; productRef = 9F90BDAA2BDFF1B4005AABF4 /* FirebasePerformance */; };
		9F90BDAD2BDFF1B4005AABF4 /* FirebaseRemoteConfig in Frameworks */ = {isa = PBXBuildFile; productRef = 9F90BDAC2BDFF1B4005AABF4 /* FirebaseRemoteConfig */; };
		9F90BDAF2BDFF1B4005AABF4 /* FirebaseRemoteConfigSwift in Frameworks */ = {isa = PBXBuildFile; productRef = 9F90BDAE2BDFF1B4005AABF4 /* FirebaseRemoteConfigSwift */; };
		9F90BDB12BDFF1B4005AABF4 /* FirebaseStorage in Frameworks */ = {isa = PBXBuildFile; productRef = 9F90BDB02BDFF1B4005AABF4 /* FirebaseStorage */; };
		9F90BDB32BDFF1B4005AABF4 /* FirebaseStorageCombine-Community in Frameworks */ = {isa = PBXBuildFile; productRef = 9F90BDB22BDFF1B4005AABF4 /* FirebaseStorageCombine-Community */; };
		9F90BDB92BDFFD4E005AABF4 /* LoginViewModel.swift in Sources */ = {isa = PBXBuildFile; fileRef = 9F90BDB82BDFFD4E005AABF4 /* LoginViewModel.swift */; };
		9F90BDBB2BDFFD7D005AABF4 /* SignupViewModel.swift in Sources */ = {isa = PBXBuildFile; fileRef = 9F90BDBA2BDFFD7D005AABF4 /* SignupViewModel.swift */; };
		9F90BDBD2BDFFDA8005AABF4 /* ProfileViewModel.swift in Sources */ = {isa = PBXBuildFile; fileRef = 9F90BDBC2BDFFDA8005AABF4 /* ProfileViewModel.swift */; };
		9F90BDC32BDFFE29005AABF4 /* Constants.swift in Sources */ = {isa = PBXBuildFile; fileRef = 9F90BDC22BDFFE29005AABF4 /* Constants.swift */; };
		9F90BDC52BDFFE77005AABF4 /* Extension+String.swift in Sources */ = {isa = PBXBuildFile; fileRef = 9F90BDC42BDFFE77005AABF4 /* Extension+String.swift */; };
		9F90BDC72BDFFEB2005AABF4 /* Extension+UIImageView.swift in Sources */ = {isa = PBXBuildFile; fileRef = 9F90BDC62BDFFEB2005AABF4 /* Extension+UIImageView.swift */; };
		9F90BDC92BDFFED9005AABF4 /* Extension+UITextfield.swift in Sources */ = {isa = PBXBuildFile; fileRef = 9F90BDC82BDFFED9005AABF4 /* Extension+UITextfield.swift */; };
		9F90BDCB2BDFFEFE005AABF4 /* Extension+UIView.swift in Sources */ = {isa = PBXBuildFile; fileRef = 9F90BDCA2BDFFEFE005AABF4 /* Extension+UIView.swift */; };
		9F90BDD42BDFFFDE005AABF4 /* TabBarController.swift in Sources */ = {isa = PBXBuildFile; fileRef = 9F90BDD32BDFFFDE005AABF4 /* TabBarController.swift */; };
		9F90BDD72BE00007005AABF4 /* LoginViewController.swift in Sources */ = {isa = PBXBuildFile; fileRef = 9F90BDD52BE00007005AABF4 /* LoginViewController.swift */; };
		9F90BDD82BE00007005AABF4 /* LoginViewController.xib in Resources */ = {isa = PBXBuildFile; fileRef = 9F90BDD62BE00007005AABF4 /* LoginViewController.xib */; };
		9F90BDDB2BE00013005AABF4 /* SignupViewController.swift in Sources */ = {isa = PBXBuildFile; fileRef = 9F90BDD92BE00013005AABF4 /* SignupViewController.swift */; };
		9F90BDDC2BE00013005AABF4 /* SignupViewController.xib in Resources */ = {isa = PBXBuildFile; fileRef = 9F90BDDA2BE00013005AABF4 /* SignupViewController.xib */; };
		9F90BDDF2BE00025005AABF4 /* UsersViewController.swift in Sources */ = {isa = PBXBuildFile; fileRef = 9F90BDDD2BE00025005AABF4 /* UsersViewController.swift */; };
		9F90BDE02BE00025005AABF4 /* UsersViewController.xib in Resources */ = {isa = PBXBuildFile; fileRef = 9F90BDDE2BE00025005AABF4 /* UsersViewController.xib */; };
		9F90BDEB2BE00048005AABF4 /* ProfileViewController.swift in Sources */ = {isa = PBXBuildFile; fileRef = 9F90BDE92BE00048005AABF4 /* ProfileViewController.swift */; };
		9F90BDEC2BE00048005AABF4 /* ProfileViewController.xib in Resources */ = {isa = PBXBuildFile; fileRef = 9F90BDEA2BE00048005AABF4 /* ProfileViewController.xib */; };
		9F90BDEE2BE003B1005AABF4 /* GoogleService-Info.plist in Resources */ = {isa = PBXBuildFile; fileRef = 9F90BDED2BE003B1005AABF4 /* GoogleService-Info.plist */; };
		9FB065322BF7B826008963FF /* RoutineDetailViewController.swift in Sources */ = {isa = PBXBuildFile; fileRef = 9FB065302BF7B826008963FF /* RoutineDetailViewController.swift */; };
		9FB065332BF7B826008963FF /* RoutineDetailViewController.xib in Resources */ = {isa = PBXBuildFile; fileRef = 9FB065312BF7B826008963FF /* RoutineDetailViewController.xib */; };
		9FB065372BF7F570008963FF /* DietDetailViewController.swift in Sources */ = {isa = PBXBuildFile; fileRef = 9FB065352BF7F570008963FF /* DietDetailViewController.swift */; };
		9FB065382BF7F570008963FF /* DietDetailViewController.xib in Resources */ = {isa = PBXBuildFile; fileRef = 9FB065362BF7F570008963FF /* DietDetailViewController.xib */; };
		9FB5BA492C0DC8670004808B /* CustomTableViewCell.swift in Sources */ = {isa = PBXBuildFile; fileRef = 9FB5BA482C0DC8670004808B /* CustomTableViewCell.swift */; };
		9FB5BA4D2C0DC8B90004808B /* InfoTaskViewController.swift in Sources */ = {isa = PBXBuildFile; fileRef = 9FB5BA4B2C0DC8B90004808B /* InfoTaskViewController.swift */; };
		9FB5BA4E2C0DC8B90004808B /* InfoTaskViewController.xib in Resources */ = {isa = PBXBuildFile; fileRef = 9FB5BA4C2C0DC8B90004808B /* InfoTaskViewController.xib */; };
		9FB5BA502C0DCA3C0004808B /* TaskCompleted.swift in Sources */ = {isa = PBXBuildFile; fileRef = 9FB5BA4F2C0DCA3C0004808B /* TaskCompleted.swift */; };
		9FB5BA522C0DCB2D0004808B /* InfoTaskViewModel.swift in Sources */ = {isa = PBXBuildFile; fileRef = 9FB5BA512C0DCB2D0004808B /* InfoTaskViewModel.swift */; };
		9FB5BA552C0DD3A40004808B /* PopupViewController.swift in Sources */ = {isa = PBXBuildFile; fileRef = 9FB5BA542C0DD3A40004808B /* PopupViewController.swift */; };
		9FD81BDA2BFBBA3800E23350 /* DietDayViewController.swift in Sources */ = {isa = PBXBuildFile; fileRef = 9FD81BD82BFBBA3800E23350 /* DietDayViewController.swift */; };
		9FD81BDB2BFBBA3800E23350 /* DietDayViewController.xib in Resources */ = {isa = PBXBuildFile; fileRef = 9FD81BD92BFBBA3800E23350 /* DietDayViewController.xib */; };
		9FE89D362BEBD5AB00704A4E /* CustomTextField.swift in Sources */ = {isa = PBXBuildFile; fileRef = 9FE89D352BEBD5AB00704A4E /* CustomTextField.swift */; };
		9FE89D3A2BEC0DF700704A4E /* ForgotPasswordViewController.swift in Sources */ = {isa = PBXBuildFile; fileRef = 9FE89D382BEC0DF700704A4E /* ForgotPasswordViewController.swift */; };
		9FE89D3B2BEC0DF700704A4E /* ForgotPasswordViewController.xib in Resources */ = {isa = PBXBuildFile; fileRef = 9FE89D392BEC0DF700704A4E /* ForgotPasswordViewController.xib */; };
		9FE89D3D2BEC105F00704A4E /* ForgotPasswordViewModel.swift in Sources */ = {isa = PBXBuildFile; fileRef = 9FE89D3C2BEC105F00704A4E /* ForgotPasswordViewModel.swift */; };
/* End PBXBuildFile section */

/* Begin PBXContainerItemProxy section */
		9F5A2C632C118352008D59E8 /* PBXContainerItemProxy */ = {
			isa = PBXContainerItemProxy;
			containerPortal = 9F90BD562BDFEFCA005AABF4 /* Project object */;
			proxyType = 1;
			remoteGlobalIDString = 9F90BD5D2BDFEFCB005AABF4;
			remoteInfo = BuildMe_Entrenador;
		};
/* End PBXContainerItemProxy section */

/* Begin PBXFileReference section */
		9F00F5A12BF5DAA400A2CE23 /* StregthRoutine.swift */ = {isa = PBXFileReference; lastKnownFileType = sourcecode.swift; path = StregthRoutine.swift; sourceTree = "<group>"; };
		9F02647C2BF5FA7200B39F9F /* MediterranianDiet.swift */ = {isa = PBXFileReference; lastKnownFileType = sourcecode.swift; path = MediterranianDiet.swift; sourceTree = "<group>"; };
		9F0F08602BF3D8B500CDF0C0 /* Extension+NSMutableParagraphStyle.swift */ = {isa = PBXFileReference; lastKnownFileType = sourcecode.swift; path = "Extension+NSMutableParagraphStyle.swift"; sourceTree = "<group>"; };
		9F1144992BF674F6008D650C /* WorkoutViewModel.swift */ = {isa = PBXFileReference; lastKnownFileType = sourcecode.swift; path = WorkoutViewModel.swift; sourceTree = "<group>"; };
		9F11449B2BF67500008D650C /* DietViewModel.swift */ = {isa = PBXFileReference; lastKnownFileType = sourcecode.swift; path = DietViewModel.swift; sourceTree = "<group>"; };
		9F15CB002BED247A00626A92 /* UsersViewModel.swift */ = {isa = PBXFileReference; lastKnownFileType = sourcecode.swift; path = UsersViewModel.swift; sourceTree = "<group>"; };
		9F160AAE2BF524CC00DC4C06 /* WorkoutViewController.swift */ = {isa = PBXFileReference; lastKnownFileType = sourcecode.swift; path = WorkoutViewController.swift; sourceTree = "<group>"; };
		9F160AAF2BF524CC00DC4C06 /* WorkoutViewController.xib */ = {isa = PBXFileReference; lastKnownFileType = file.xib; path = WorkoutViewController.xib; sourceTree = "<group>"; };
		9F160AB22BF524E700DC4C06 /* DietViewController.swift */ = {isa = PBXFileReference; lastKnownFileType = sourcecode.swift; path = DietViewController.swift; sourceTree = "<group>"; };
		9F160AB32BF524E700DC4C06 /* DietViewController.xib */ = {isa = PBXFileReference; lastKnownFileType = file.xib; path = DietViewController.xib; sourceTree = "<group>"; };
		9F160AB82BF5256C00DC4C06 /* Trainer.swift */ = {isa = PBXFileReference; lastKnownFileType = sourcecode.swift; path = Trainer.swift; sourceTree = "<group>"; };
		9F23466B2BF52B19005FAB13 /* Exercise.swift */ = {isa = PBXFileReference; lastKnownFileType = sourcecode.swift; path = Exercise.swift; sourceTree = "<group>"; };
		9F23466D2BF52D04005FAB13 /* Enums.swift */ = {isa = PBXFileReference; lastKnownFileType = sourcecode.swift; path = Enums.swift; sourceTree = "<group>"; };
		9F2346722BF52DBE005FAB13 /* ExerciseDay.swift */ = {isa = PBXFileReference; lastKnownFileType = sourcecode.swift; path = ExerciseDay.swift; sourceTree = "<group>"; };
		9F2346742BF52F80005FAB13 /* Training.swift */ = {isa = PBXFileReference; lastKnownFileType = sourcecode.swift; path = Training.swift; sourceTree = "<group>"; };
		9F2346762BF5310C005FAB13 /* Recipe.swift */ = {isa = PBXFileReference; lastKnownFileType = sourcecode.swift; path = Recipe.swift; sourceTree = "<group>"; };
		9F2346782BF535FC005FAB13 /* NutritionalValues.swift */ = {isa = PBXFileReference; lastKnownFileType = sourcecode.swift; path = NutritionalValues.swift; sourceTree = "<group>"; };
		9F23467A2BF536CC005FAB13 /* DietDay.swift */ = {isa = PBXFileReference; lastKnownFileType = sourcecode.swift; path = DietDay.swift; sourceTree = "<group>"; };
		9F23467C2BF5375D005FAB13 /* Diet.swift */ = {isa = PBXFileReference; lastKnownFileType = sourcecode.swift; path = Diet.swift; sourceTree = "<group>"; };
		9F5498092BFCB8E300CC8F96 /* ExerciseDetailViewController.swift */ = {isa = PBXFileReference; lastKnownFileType = sourcecode.swift; path = ExerciseDetailViewController.swift; sourceTree = "<group>"; };
		9F54980A2BFCB8E300CC8F96 /* ExerciseDetailViewController.xib */ = {isa = PBXFileReference; lastKnownFileType = file.xib; path = ExerciseDetailViewController.xib; sourceTree = "<group>"; };
		9F54980D2BFCB8F600CC8F96 /* FoodDetailViewController.swift */ = {isa = PBXFileReference; lastKnownFileType = sourcecode.swift; path = FoodDetailViewController.swift; sourceTree = "<group>"; };
		9F54980E2BFCB8F700CC8F96 /* FoodDetailViewController.xib */ = {isa = PBXFileReference; lastKnownFileType = file.xib; path = FoodDetailViewController.xib; sourceTree = "<group>"; };
		9F5A2C5F2C118351008D59E8 /* BuildMe_EntrenadorTests.xctest */ = {isa = PBXFileReference; explicitFileType = wrapper.cfbundle; includeInIndex = 0; path = BuildMe_EntrenadorTests.xctest; sourceTree = BUILT_PRODUCTS_DIR; };
		9F6DB86A2BF4B481001BAC32 /* PrincipalTableViewCell.swift */ = {isa = PBXFileReference; lastKnownFileType = sourcecode.swift; path = PrincipalTableViewCell.swift; sourceTree = "<group>"; };
		9F6DB86B2BF4B481001BAC32 /* PrincipalTableViewCell.xib */ = {isa = PBXFileReference; lastKnownFileType = file.xib; path = PrincipalTableViewCell.xib; sourceTree = "<group>"; };
		9F8AAC0C2C0F284500A0F005 /* Extension+UIImage.swift */ = {isa = PBXFileReference; lastKnownFileType = sourcecode.swift; path = "Extension+UIImage.swift"; sourceTree = "<group>"; };
		9F8B4BBD2BF27788003A8269 /* UserDetailViewController.swift */ = {isa = PBXFileReference; lastKnownFileType = sourcecode.swift; path = UserDetailViewController.swift; sourceTree = "<group>"; };
		9F8B4BBE2BF27788003A8269 /* UserDetailViewController.xib */ = {isa = PBXFileReference; lastKnownFileType = file.xib; path = UserDetailViewController.xib; sourceTree = "<group>"; };
		9F8B4BC12BF279C2003A8269 /* Athlete.swift */ = {isa = PBXFileReference; lastKnownFileType = sourcecode.swift; path = Athlete.swift; sourceTree = "<group>"; };
		9F8D702E2BF906BC008817CC /* ExerciseDayViewController.swift */ = {isa = PBXFileReference; lastKnownFileType = sourcecode.swift; path = ExerciseDayViewController.swift; sourceTree = "<group>"; };
		9F8D702F2BF906BC008817CC /* ExerciseDayViewController.xib */ = {isa = PBXFileReference; lastKnownFileType = file.xib; path = ExerciseDayViewController.xib; sourceTree = "<group>"; };
		9F90BD5E2BDFEFCB005AABF4 /* BuildMe_Entrenador.app */ = {isa = PBXFileReference; explicitFileType = wrapper.application; includeInIndex = 0; path = BuildMe_Entrenador.app; sourceTree = BUILT_PRODUCTS_DIR; };
		9F90BD612BDFEFCB005AABF4 /* AppDelegate.swift */ = {isa = PBXFileReference; lastKnownFileType = sourcecode.swift; path = AppDelegate.swift; sourceTree = "<group>"; };
		9F90BD632BDFEFCB005AABF4 /* SceneDelegate.swift */ = {isa = PBXFileReference; lastKnownFileType = sourcecode.swift; path = SceneDelegate.swift; sourceTree = "<group>"; };
		9F90BD6A2BDFEFCD005AABF4 /* Assets.xcassets */ = {isa = PBXFileReference; lastKnownFileType = folder.assetcatalog; path = Assets.xcassets; sourceTree = "<group>"; };
		9F90BD6D2BDFEFCD005AABF4 /* Base */ = {isa = PBXFileReference; lastKnownFileType = file.storyboard; name = Base; path = Base.lproj/LaunchScreen.storyboard; sourceTree = "<group>"; };
		9F90BD6F2BDFEFCD005AABF4 /* Info.plist */ = {isa = PBXFileReference; lastKnownFileType = text.plist.xml; path = Info.plist; sourceTree = "<group>"; };
		9F90BDB82BDFFD4E005AABF4 /* LoginViewModel.swift */ = {isa = PBXFileReference; lastKnownFileType = sourcecode.swift; path = LoginViewModel.swift; sourceTree = "<group>"; };
		9F90BDBA2BDFFD7D005AABF4 /* SignupViewModel.swift */ = {isa = PBXFileReference; lastKnownFileType = sourcecode.swift; path = SignupViewModel.swift; sourceTree = "<group>"; };
		9F90BDBC2BDFFDA8005AABF4 /* ProfileViewModel.swift */ = {isa = PBXFileReference; lastKnownFileType = sourcecode.swift; path = ProfileViewModel.swift; sourceTree = "<group>"; };
		9F90BDC22BDFFE29005AABF4 /* Constants.swift */ = {isa = PBXFileReference; lastKnownFileType = sourcecode.swift; path = Constants.swift; sourceTree = "<group>"; };
		9F90BDC42BDFFE77005AABF4 /* Extension+String.swift */ = {isa = PBXFileReference; lastKnownFileType = sourcecode.swift; path = "Extension+String.swift"; sourceTree = "<group>"; };
		9F90BDC62BDFFEB2005AABF4 /* Extension+UIImageView.swift */ = {isa = PBXFileReference; lastKnownFileType = sourcecode.swift; path = "Extension+UIImageView.swift"; sourceTree = "<group>"; };
		9F90BDC82BDFFED9005AABF4 /* Extension+UITextfield.swift */ = {isa = PBXFileReference; lastKnownFileType = sourcecode.swift; path = "Extension+UITextfield.swift"; sourceTree = "<group>"; };
		9F90BDCA2BDFFEFE005AABF4 /* Extension+UIView.swift */ = {isa = PBXFileReference; lastKnownFileType = sourcecode.swift; path = "Extension+UIView.swift"; sourceTree = "<group>"; };
		9F90BDD32BDFFFDE005AABF4 /* TabBarController.swift */ = {isa = PBXFileReference; lastKnownFileType = sourcecode.swift; path = TabBarController.swift; sourceTree = "<group>"; };
		9F90BDD52BE00007005AABF4 /* LoginViewController.swift */ = {isa = PBXFileReference; lastKnownFileType = sourcecode.swift; path = LoginViewController.swift; sourceTree = "<group>"; };
		9F90BDD62BE00007005AABF4 /* LoginViewController.xib */ = {isa = PBXFileReference; lastKnownFileType = file.xib; path = LoginViewController.xib; sourceTree = "<group>"; };
		9F90BDD92BE00013005AABF4 /* SignupViewController.swift */ = {isa = PBXFileReference; lastKnownFileType = sourcecode.swift; path = SignupViewController.swift; sourceTree = "<group>"; };
		9F90BDDA2BE00013005AABF4 /* SignupViewController.xib */ = {isa = PBXFileReference; lastKnownFileType = file.xib; path = SignupViewController.xib; sourceTree = "<group>"; };
		9F90BDDD2BE00025005AABF4 /* UsersViewController.swift */ = {isa = PBXFileReference; lastKnownFileType = sourcecode.swift; path = UsersViewController.swift; sourceTree = "<group>"; };
		9F90BDDE2BE00025005AABF4 /* UsersViewController.xib */ = {isa = PBXFileReference; lastKnownFileType = file.xib; path = UsersViewController.xib; sourceTree = "<group>"; };
		9F90BDE92BE00048005AABF4 /* ProfileViewController.swift */ = {isa = PBXFileReference; lastKnownFileType = sourcecode.swift; path = ProfileViewController.swift; sourceTree = "<group>"; };
		9F90BDEA2BE00048005AABF4 /* ProfileViewController.xib */ = {isa = PBXFileReference; lastKnownFileType = file.xib; path = ProfileViewController.xib; sourceTree = "<group>"; };
		9F90BDED2BE003B1005AABF4 /* GoogleService-Info.plist */ = {isa = PBXFileReference; fileEncoding = 4; lastKnownFileType = text.plist.xml; path = "GoogleService-Info.plist"; sourceTree = "<group>"; };
		9FB065302BF7B826008963FF /* RoutineDetailViewController.swift */ = {isa = PBXFileReference; lastKnownFileType = sourcecode.swift; path = RoutineDetailViewController.swift; sourceTree = "<group>"; };
		9FB065312BF7B826008963FF /* RoutineDetailViewController.xib */ = {isa = PBXFileReference; lastKnownFileType = file.xib; path = RoutineDetailViewController.xib; sourceTree = "<group>"; };
		9FB065352BF7F570008963FF /* DietDetailViewController.swift */ = {isa = PBXFileReference; lastKnownFileType = sourcecode.swift; path = DietDetailViewController.swift; sourceTree = "<group>"; };
		9FB065362BF7F570008963FF /* DietDetailViewController.xib */ = {isa = PBXFileReference; lastKnownFileType = file.xib; path = DietDetailViewController.xib; sourceTree = "<group>"; };
		9FB5BA482C0DC8670004808B /* CustomTableViewCell.swift */ = {isa = PBXFileReference; lastKnownFileType = sourcecode.swift; path = CustomTableViewCell.swift; sourceTree = "<group>"; };
		9FB5BA4B2C0DC8B90004808B /* InfoTaskViewController.swift */ = {isa = PBXFileReference; lastKnownFileType = sourcecode.swift; path = InfoTaskViewController.swift; sourceTree = "<group>"; };
		9FB5BA4C2C0DC8B90004808B /* InfoTaskViewController.xib */ = {isa = PBXFileReference; lastKnownFileType = file.xib; path = InfoTaskViewController.xib; sourceTree = "<group>"; };
		9FB5BA4F2C0DCA3C0004808B /* TaskCompleted.swift */ = {isa = PBXFileReference; lastKnownFileType = sourcecode.swift; path = TaskCompleted.swift; sourceTree = "<group>"; };
		9FB5BA512C0DCB2D0004808B /* InfoTaskViewModel.swift */ = {isa = PBXFileReference; lastKnownFileType = sourcecode.swift; path = InfoTaskViewModel.swift; sourceTree = "<group>"; };
		9FB5BA542C0DD3A40004808B /* PopupViewController.swift */ = {isa = PBXFileReference; lastKnownFileType = sourcecode.swift; path = PopupViewController.swift; sourceTree = "<group>"; };
		9FD81BD82BFBBA3800E23350 /* DietDayViewController.swift */ = {isa = PBXFileReference; lastKnownFileType = sourcecode.swift; path = DietDayViewController.swift; sourceTree = "<group>"; };
		9FD81BD92BFBBA3800E23350 /* DietDayViewController.xib */ = {isa = PBXFileReference; lastKnownFileType = file.xib; path = DietDayViewController.xib; sourceTree = "<group>"; };
		9FE89D352BEBD5AB00704A4E /* CustomTextField.swift */ = {isa = PBXFileReference; lastKnownFileType = sourcecode.swift; path = CustomTextField.swift; sourceTree = "<group>"; };
		9FE89D382BEC0DF700704A4E /* ForgotPasswordViewController.swift */ = {isa = PBXFileReference; lastKnownFileType = sourcecode.swift; path = ForgotPasswordViewController.swift; sourceTree = "<group>"; };
		9FE89D392BEC0DF700704A4E /* ForgotPasswordViewController.xib */ = {isa = PBXFileReference; lastKnownFileType = file.xib; path = ForgotPasswordViewController.xib; sourceTree = "<group>"; };
		9FE89D3C2BEC105F00704A4E /* ForgotPasswordViewModel.swift */ = {isa = PBXFileReference; lastKnownFileType = sourcecode.swift; path = ForgotPasswordViewModel.swift; sourceTree = "<group>"; };
/* End PBXFileReference section */

/* Begin PBXFrameworksBuildPhase section */
		9F5A2C5C2C118351008D59E8 /* Frameworks */ = {
			isa = PBXFrameworksBuildPhase;
			buildActionMask = 2147483647;
			files = (
			);
			runOnlyForDeploymentPostprocessing = 0;
		};
		9F90BD5B2BDFEFCB005AABF4 /* Frameworks */ = {
			isa = PBXFrameworksBuildPhase;
			buildActionMask = 2147483647;
			files = (
				9F90BD912BDFF1B4005AABF4 /* FirebaseDatabase in Frameworks */,
				9F90BD9F2BDFF1B4005AABF4 /* FirebaseFunctionsCombine-Community in Frameworks */,
				9F90BD972BDFF1B4005AABF4 /* FirebaseFirestore in Frameworks */,
				9F90BD832BDFF1B4005AABF4 /* FirebaseAnalyticsSwift in Frameworks */,
				9F90BD7F2BDFF1B4005AABF4 /* FirebaseAnalytics in Frameworks */,
				9F90BD812BDFF1B4005AABF4 /* FirebaseAnalyticsOnDeviceConversion in Frameworks */,
				9F90BDA72BDFF1B4005AABF4 /* FirebaseMLModelDownloader in Frameworks */,
				9F90BD9B2BDFF1B4005AABF4 /* FirebaseFirestoreSwift in Frameworks */,
				9F472E512BE01BC000DA8BA1 /* JGProgressHUD in Frameworks */,
				9F90BD872BDFF1B4005AABF4 /* FirebaseAppCheck in Frameworks */,
				9F90BD852BDFF1B4005AABF4 /* FirebaseAnalyticsWithoutAdIdSupport in Frameworks */,
				9F90BD8B2BDFF1B4005AABF4 /* FirebaseAuth in Frameworks */,
				9F90BD8F2BDFF1B4005AABF4 /* FirebaseCrashlytics in Frameworks */,
				9F90BDAF2BDFF1B4005AABF4 /* FirebaseRemoteConfigSwift in Frameworks */,
				9F90BDA12BDFF1B4005AABF4 /* FirebaseInAppMessaging-Beta in Frameworks */,
				9F90BD932BDFF1B4005AABF4 /* FirebaseDatabaseSwift in Frameworks */,
				9F90BD9D2BDFF1B4005AABF4 /* FirebaseFunctions in Frameworks */,
				9F90BDB32BDFF1B4005AABF4 /* FirebaseStorageCombine-Community in Frameworks */,
				9F90BDAD2BDFF1B4005AABF4 /* FirebaseRemoteConfig in Frameworks */,
				9F90BD892BDFF1B4005AABF4 /* FirebaseAppDistribution-Beta in Frameworks */,
				9F90BD8D2BDFF1B4005AABF4 /* FirebaseAuthCombine-Community in Frameworks */,
				9F90BDAB2BDFF1B4005AABF4 /* FirebasePerformance in Frameworks */,
				9F90BDA32BDFF1B4005AABF4 /* FirebaseInAppMessagingSwift-Beta in Frameworks */,
				9F90BDB12BDFF1B4005AABF4 /* FirebaseStorage in Frameworks */,
				9F90BD952BDFF1B4005AABF4 /* FirebaseDynamicLinks in Frameworks */,
				9F90BD992BDFF1B4005AABF4 /* FirebaseFirestoreCombine-Community in Frameworks */,
				9F90BDA92BDFF1B4005AABF4 /* FirebaseMessaging in Frameworks */,
				9F90BDA52BDFF1B4005AABF4 /* FirebaseInstallations in Frameworks */,
			);
			runOnlyForDeploymentPostprocessing = 0;
		};
/* End PBXFrameworksBuildPhase section */

/* Begin PBXGroup section */
		9F00F5A02BF5DA8E00A2CE23 /* Data */ = {
			isa = PBXGroup;
			children = (
				9F00F5A12BF5DAA400A2CE23 /* StregthRoutine.swift */,
				9F02647C2BF5FA7200B39F9F /* MediterranianDiet.swift */,
			);
			path = Data;
			sourceTree = "<group>";
		};
		9F23466F2BF52D41005FAB13 /* People_Models */ = {
			isa = PBXGroup;
			children = (
				9F8B4BC12BF279C2003A8269 /* Athlete.swift */,
				9F160AB82BF5256C00DC4C06 /* Trainer.swift */,
			);
			path = People_Models;
			sourceTree = "<group>";
		};
		9F2346702BF52D4B005FAB13 /* Workout_Model */ = {
			isa = PBXGroup;
			children = (
				9F23466B2BF52B19005FAB13 /* Exercise.swift */,
				9F2346722BF52DBE005FAB13 /* ExerciseDay.swift */,
				9F2346742BF52F80005FAB13 /* Training.swift */,
			);
			path = Workout_Model;
			sourceTree = "<group>";
		};
		9F2346712BF52D56005FAB13 /* Diets_Models */ = {
			isa = PBXGroup;
			children = (
				9F2346762BF5310C005FAB13 /* Recipe.swift */,
				9F2346782BF535FC005FAB13 /* NutritionalValues.swift */,
				9F23467A2BF536CC005FAB13 /* DietDay.swift */,
				9F23467C2BF5375D005FAB13 /* Diet.swift */,
			);
			path = Diets_Models;
			sourceTree = "<group>";
		};
		9F5498072BFCB88A00CC8F96 /* ExerciseDetail */ = {
			isa = PBXGroup;
			children = (
				9F5498092BFCB8E300CC8F96 /* ExerciseDetailViewController.swift */,
				9F54980A2BFCB8E300CC8F96 /* ExerciseDetailViewController.xib */,
			);
			path = ExerciseDetail;
			sourceTree = "<group>";
		};
		9F5498082BFCB8AE00CC8F96 /* FoodDetail */ = {
			isa = PBXGroup;
			children = (
				9F54980D2BFCB8F600CC8F96 /* FoodDetailViewController.swift */,
				9F54980E2BFCB8F700CC8F96 /* FoodDetailViewController.xib */,
			);
			path = FoodDetail;
			sourceTree = "<group>";
		};
		9F6DB85F2BF49795001BAC32 /* Cells */ = {
			isa = PBXGroup;
			children = (
				9F6DB8692BF4B43B001BAC32 /* PrincipalListCell */,
				9FB5BA482C0DC8670004808B /* CustomTableViewCell.swift */,
			);
			path = Cells;
			sourceTree = "<group>";
		};
		9F6DB8692BF4B43B001BAC32 /* PrincipalListCell */ = {
			isa = PBXGroup;
			children = (
				9F6DB86A2BF4B481001BAC32 /* PrincipalTableViewCell.swift */,
				9F6DB86B2BF4B481001BAC32 /* PrincipalTableViewCell.xib */,
			);
			path = PrincipalListCell;
			sourceTree = "<group>";
		};
		9F8B4BBC2BF27746003A8269 /* UserDetail */ = {
			isa = PBXGroup;
			children = (
				9F8B4BBD2BF27788003A8269 /* UserDetailViewController.swift */,
				9F8B4BBE2BF27788003A8269 /* UserDetailViewController.xib */,
			);
			path = UserDetail;
			sourceTree = "<group>";
		};
		9F8D702D2BF90699008817CC /* ExerciseDayViewController */ = {
			isa = PBXGroup;
			children = (
				9F8D702E2BF906BC008817CC /* ExerciseDayViewController.swift */,
				9F8D702F2BF906BC008817CC /* ExerciseDayViewController.xib */,
			);
			path = ExerciseDayViewController;
			sourceTree = "<group>";
		};
		9F90BD552BDFEFCA005AABF4 = {
			isa = PBXGroup;
			children = (
				9F90BD602BDFEFCB005AABF4 /* BuildMe_Entrenador */,
				9F90BD5F2BDFEFCB005AABF4 /* Products */,
			);
			sourceTree = "<group>";
		};
		9F90BD5F2BDFEFCB005AABF4 /* Products */ = {
			isa = PBXGroup;
			children = (
				9F90BD5E2BDFEFCB005AABF4 /* BuildMe_Entrenador.app */,
				9F5A2C5F2C118351008D59E8 /* BuildMe_EntrenadorTests.xctest */,
			);
			name = Products;
			sourceTree = "<group>";
		};
		9F90BD602BDFEFCB005AABF4 /* BuildMe_Entrenador */ = {
			isa = PBXGroup;
			children = (
				9F90BD772BDFEFE8005AABF4 /* App */,
				9F90BD762BDFEFE2005AABF4 /* Resource */,
				9F90BD752BDFEFDD005AABF4 /* Source */,
				9F90BD6F2BDFEFCD005AABF4 /* Info.plist */,
				9F90BDED2BE003B1005AABF4 /* GoogleService-Info.plist */,
			);
			path = BuildMe_Entrenador;
			sourceTree = "<group>";
		};
		9F90BD752BDFEFDD005AABF4 /* Source */ = {
			isa = PBXGroup;
			children = (
				9F00F5A02BF5DA8E00A2CE23 /* Data */,
				9FE89D342BEBD56C00704A4E /* Custom UI Objects */,
				9F90BD7C2BDFF03C005AABF4 /* Model */,
				9F90BD7B2BDFF039005AABF4 /* View */,
				9F90BD7A2BDFF033005AABF4 /* ViewModel */,
				9F90BD792BDFF02E005AABF4 /* Constants */,
				9F90BD782BDFF029005AABF4 /* Extensions */,
			);
			path = Source;
			sourceTree = "<group>";
		};
		9F90BD762BDFEFE2005AABF4 /* Resource */ = {
			isa = PBXGroup;
			children = (
				9F90BD6A2BDFEFCD005AABF4 /* Assets.xcassets */,
				9F90BD6C2BDFEFCD005AABF4 /* LaunchScreen.storyboard */,
			);
			path = Resource;
			sourceTree = "<group>";
		};
		9F90BD772BDFEFE8005AABF4 /* App */ = {
			isa = PBXGroup;
			children = (
				9F90BD612BDFEFCB005AABF4 /* AppDelegate.swift */,
				9F90BD632BDFEFCB005AABF4 /* SceneDelegate.swift */,
			);
			path = App;
			sourceTree = "<group>";
		};
		9F90BD782BDFF029005AABF4 /* Extensions */ = {
			isa = PBXGroup;
			children = (
				9F90BDC42BDFFE77005AABF4 /* Extension+String.swift */,
				9F90BDC62BDFFEB2005AABF4 /* Extension+UIImageView.swift */,
				9F90BDC82BDFFED9005AABF4 /* Extension+UITextfield.swift */,
				9F90BDCA2BDFFEFE005AABF4 /* Extension+UIView.swift */,
				9F0F08602BF3D8B500CDF0C0 /* Extension+NSMutableParagraphStyle.swift */,
				9F8AAC0C2C0F284500A0F005 /* Extension+UIImage.swift */,
			);
			path = Extensions;
			sourceTree = "<group>";
		};
		9F90BD792BDFF02E005AABF4 /* Constants */ = {
			isa = PBXGroup;
			children = (
				9F90BDC22BDFFE29005AABF4 /* Constants.swift */,
			);
			path = Constants;
			sourceTree = "<group>";
		};
		9F90BD7A2BDFF033005AABF4 /* ViewModel */ = {
			isa = PBXGroup;
			children = (
				9F90BDB82BDFFD4E005AABF4 /* LoginViewModel.swift */,
				9F90BDBA2BDFFD7D005AABF4 /* SignupViewModel.swift */,
				9F90BDBC2BDFFDA8005AABF4 /* ProfileViewModel.swift */,
				9FE89D3C2BEC105F00704A4E /* ForgotPasswordViewModel.swift */,
				9F15CB002BED247A00626A92 /* UsersViewModel.swift */,
				9F1144992BF674F6008D650C /* WorkoutViewModel.swift */,
				9F11449B2BF67500008D650C /* DietViewModel.swift */,
				9FB5BA512C0DCB2D0004808B /* InfoTaskViewModel.swift */,
			);
			path = ViewModel;
			sourceTree = "<group>";
		};
		9F90BD7B2BDFF039005AABF4 /* View */ = {
			isa = PBXGroup;
			children = (
				9FD81BDC2BFBC77E00E23350 /* Auth */,
				9F6DB85F2BF49795001BAC32 /* Cells */,
				9F90BDD02BDFFF93005AABF4 /* TabBar */,
			);
			path = View;
			sourceTree = "<group>";
		};
		9F90BD7C2BDFF03C005AABF4 /* Model */ = {
			isa = PBXGroup;
			children = (
				9F2346712BF52D56005FAB13 /* Diets_Models */,
				9F2346702BF52D4B005FAB13 /* Workout_Model */,
				9F23466F2BF52D41005FAB13 /* People_Models */,
				9F23466D2BF52D04005FAB13 /* Enums.swift */,
				9FB5BA4F2C0DCA3C0004808B /* TaskCompleted.swift */,
			);
			path = Model;
			sourceTree = "<group>";
		};
		9F90BDCC2BDFFF49005AABF4 /* Profile */ = {
			isa = PBXGroup;
			children = (
				9F90BDE92BE00048005AABF4 /* ProfileViewController.swift */,
				9F90BDEA2BE00048005AABF4 /* ProfileViewController.xib */,
			);
			path = Profile;
			sourceTree = "<group>";
		};
		9F90BDCD2BDFFF77005AABF4 /* Diet */ = {
			isa = PBXGroup;
			children = (
				9FD81BE12BFBC7CA00E23350 /* Diet */,
				9FB065342BF7F552008963FF /* DietDetail */,
				9FD81BD72BFBBA0E00E23350 /* DietDayViewController */,
				9F5498082BFCB8AE00CC8F96 /* FoodDetail */,
			);
			path = Diet;
			sourceTree = "<group>";
		};
		9F90BDCE2BDFFF83005AABF4 /* Workout */ = {
			isa = PBXGroup;
			children = (
				9F160AAE2BF524CC00DC4C06 /* WorkoutViewController.swift */,
				9F160AAF2BF524CC00DC4C06 /* WorkoutViewController.xib */,
			);
			path = Workout;
			sourceTree = "<group>";
		};
		9F90BDCF2BDFFF87005AABF4 /* Users */ = {
			isa = PBXGroup;
			children = (
				9F90BDDD2BE00025005AABF4 /* UsersViewController.swift */,
				9F90BDDE2BE00025005AABF4 /* UsersViewController.xib */,
			);
			path = Users;
			sourceTree = "<group>";
		};
		9F90BDD02BDFFF93005AABF4 /* TabBar */ = {
			isa = PBXGroup;
			children = (
				9FD81BDE2BFBC78900E23350 /* User */,
				9FD81BE02BFBC7B000E23350 /* Exercise */,
				9F90BDCD2BDFFF77005AABF4 /* Diet */,
				9F90BDCC2BDFFF49005AABF4 /* Profile */,
				9F90BDD32BDFFFDE005AABF4 /* TabBarController.swift */,
			);
			path = TabBar;
			sourceTree = "<group>";
		};
		9F90BDD12BDFFF99005AABF4 /* Signup */ = {
			isa = PBXGroup;
			children = (
				9F90BDD92BE00013005AABF4 /* SignupViewController.swift */,
				9F90BDDA2BE00013005AABF4 /* SignupViewController.xib */,
			);
			path = Signup;
			sourceTree = "<group>";
		};
		9F90BDD22BDFFF9F005AABF4 /* Login */ = {
			isa = PBXGroup;
			children = (
				9F90BDD52BE00007005AABF4 /* LoginViewController.swift */,
				9F90BDD62BE00007005AABF4 /* LoginViewController.xib */,
			);
			path = Login;
			sourceTree = "<group>";
		};
		9FB0652F2BF7B7FF008963FF /* RoutineDetail */ = {
			isa = PBXGroup;
			children = (
				9FB065302BF7B826008963FF /* RoutineDetailViewController.swift */,
				9FB065312BF7B826008963FF /* RoutineDetailViewController.xib */,
			);
			path = RoutineDetail;
			sourceTree = "<group>";
		};
		9FB065342BF7F552008963FF /* DietDetail */ = {
			isa = PBXGroup;
			children = (
				9FB065352BF7F570008963FF /* DietDetailViewController.swift */,
				9FB065362BF7F570008963FF /* DietDetailViewController.xib */,
			);
			path = DietDetail;
			sourceTree = "<group>";
		};
		9FB5BA4A2C0DC8A50004808B /* InfoTask */ = {
			isa = PBXGroup;
			children = (
				9FB5BA4B2C0DC8B90004808B /* InfoTaskViewController.swift */,
				9FB5BA4C2C0DC8B90004808B /* InfoTaskViewController.xib */,
			);
			path = InfoTask;
			sourceTree = "<group>";
		};
		9FB5BA532C0DD3850004808B /* PopUp */ = {
			isa = PBXGroup;
			children = (
				9FB5BA542C0DD3A40004808B /* PopupViewController.swift */,
			);
			path = PopUp;
			sourceTree = "<group>";
		};
		9FD81BD72BFBBA0E00E23350 /* DietDayViewController */ = {
			isa = PBXGroup;
			children = (
				9FD81BD82BFBBA3800E23350 /* DietDayViewController.swift */,
				9FD81BD92BFBBA3800E23350 /* DietDayViewController.xib */,
			);
			path = DietDayViewController;
			sourceTree = "<group>";
		};
		9FD81BDC2BFBC77E00E23350 /* Auth */ = {
			isa = PBXGroup;
			children = (
				9FE89D372BEC0DD000704A4E /* ForgotPassword */,
				9F90BDD22BDFFF9F005AABF4 /* Login */,
				9F90BDD12BDFFF99005AABF4 /* Signup */,
			);
			path = Auth;
			sourceTree = "<group>";
		};
		9FD81BDE2BFBC78900E23350 /* User */ = {
			isa = PBXGroup;
			children = (
				9F90BDCF2BDFFF87005AABF4 /* Users */,
				9F8B4BBC2BF27746003A8269 /* UserDetail */,
				9FB5BA4A2C0DC8A50004808B /* InfoTask */,
				9FB5BA532C0DD3850004808B /* PopUp */,
			);
			path = User;
			sourceTree = "<group>";
		};
		9FD81BE02BFBC7B000E23350 /* Exercise */ = {
			isa = PBXGroup;
			children = (
				9F90BDCE2BDFFF83005AABF4 /* Workout */,
				9FB0652F2BF7B7FF008963FF /* RoutineDetail */,
				9F8D702D2BF90699008817CC /* ExerciseDayViewController */,
				9F5498072BFCB88A00CC8F96 /* ExerciseDetail */,
			);
			path = Exercise;
			sourceTree = "<group>";
		};
		9FD81BE12BFBC7CA00E23350 /* Diet */ = {
			isa = PBXGroup;
			children = (
				9F160AB22BF524E700DC4C06 /* DietViewController.swift */,
				9F160AB32BF524E700DC4C06 /* DietViewController.xib */,
			);
			path = Diet;
			sourceTree = "<group>";
		};
		9FE89D342BEBD56C00704A4E /* Custom UI Objects */ = {
			isa = PBXGroup;
			children = (
				9FE89D352BEBD5AB00704A4E /* CustomTextField.swift */,
			);
			path = "Custom UI Objects";
			sourceTree = "<group>";
		};
		9FE89D372BEC0DD000704A4E /* ForgotPassword */ = {
			isa = PBXGroup;
			children = (
				9FE89D382BEC0DF700704A4E /* ForgotPasswordViewController.swift */,
				9FE89D392BEC0DF700704A4E /* ForgotPasswordViewController.xib */,
			);
			path = ForgotPassword;
			sourceTree = "<group>";
		};
/* End PBXGroup section */

/* Begin PBXNativeTarget section */
		9F5A2C5E2C118351008D59E8 /* BuildMe_EntrenadorTests */ = {
			isa = PBXNativeTarget;
			buildConfigurationList = 9F5A2C672C118352008D59E8 /* Build configuration list for PBXNativeTarget "BuildMe_EntrenadorTests" */;
			buildPhases = (
				9F5A2C5B2C118351008D59E8 /* Sources */,
				9F5A2C5C2C118351008D59E8 /* Frameworks */,
				9F5A2C5D2C118351008D59E8 /* Resources */,
			);
			buildRules = (
			);
			dependencies = (
				9F5A2C642C118352008D59E8 /* PBXTargetDependency */,
			);
			name = BuildMe_EntrenadorTests;
			productName = BuildMe_EntrenadorTests;
			productReference = 9F5A2C5F2C118351008D59E8 /* BuildMe_EntrenadorTests.xctest */;
			productType = "com.apple.product-type.bundle.unit-test";
		};
		9F90BD5D2BDFEFCB005AABF4 /* BuildMe_Entrenador */ = {
			isa = PBXNativeTarget;
			buildConfigurationList = 9F90BD722BDFEFCD005AABF4 /* Build configuration list for PBXNativeTarget "BuildMe_Entrenador" */;
			buildPhases = (
				9F90BD5A2BDFEFCB005AABF4 /* Sources */,
				9F90BD5B2BDFEFCB005AABF4 /* Frameworks */,
				9F90BD5C2BDFEFCB005AABF4 /* Resources */,
			);
			buildRules = (
			);
			dependencies = (
			);
			name = BuildMe_Entrenador;
			packageProductDependencies = (
				9F90BD7E2BDFF1B4005AABF4 /* FirebaseAnalytics */,
				9F90BD802BDFF1B4005AABF4 /* FirebaseAnalyticsOnDeviceConversion */,
				9F90BD822BDFF1B4005AABF4 /* FirebaseAnalyticsSwift */,
				9F90BD842BDFF1B4005AABF4 /* FirebaseAnalyticsWithoutAdIdSupport */,
				9F90BD862BDFF1B4005AABF4 /* FirebaseAppCheck */,
				9F90BD882BDFF1B4005AABF4 /* FirebaseAppDistribution-Beta */,
				9F90BD8A2BDFF1B4005AABF4 /* FirebaseAuth */,
				9F90BD8C2BDFF1B4005AABF4 /* FirebaseAuthCombine-Community */,
				9F90BD8E2BDFF1B4005AABF4 /* FirebaseCrashlytics */,
				9F90BD902BDFF1B4005AABF4 /* FirebaseDatabase */,
				9F90BD922BDFF1B4005AABF4 /* FirebaseDatabaseSwift */,
				9F90BD942BDFF1B4005AABF4 /* FirebaseDynamicLinks */,
				9F90BD962BDFF1B4005AABF4 /* FirebaseFirestore */,
				9F90BD982BDFF1B4005AABF4 /* FirebaseFirestoreCombine-Community */,
				9F90BD9A2BDFF1B4005AABF4 /* FirebaseFirestoreSwift */,
				9F90BD9C2BDFF1B4005AABF4 /* FirebaseFunctions */,
				9F90BD9E2BDFF1B4005AABF4 /* FirebaseFunctionsCombine-Community */,
				9F90BDA02BDFF1B4005AABF4 /* FirebaseInAppMessaging-Beta */,
				9F90BDA22BDFF1B4005AABF4 /* FirebaseInAppMessagingSwift-Beta */,
				9F90BDA42BDFF1B4005AABF4 /* FirebaseInstallations */,
				9F90BDA62BDFF1B4005AABF4 /* FirebaseMLModelDownloader */,
				9F90BDA82BDFF1B4005AABF4 /* FirebaseMessaging */,
				9F90BDAA2BDFF1B4005AABF4 /* FirebasePerformance */,
				9F90BDAC2BDFF1B4005AABF4 /* FirebaseRemoteConfig */,
				9F90BDAE2BDFF1B4005AABF4 /* FirebaseRemoteConfigSwift */,
				9F90BDB02BDFF1B4005AABF4 /* FirebaseStorage */,
				9F90BDB22BDFF1B4005AABF4 /* FirebaseStorageCombine-Community */,
				9F472E502BE01BC000DA8BA1 /* JGProgressHUD */,
			);
			productName = BuildMe_Entrenador;
			productReference = 9F90BD5E2BDFEFCB005AABF4 /* BuildMe_Entrenador.app */;
			productType = "com.apple.product-type.application";
		};
/* End PBXNativeTarget section */

/* Begin PBXProject section */
		9F90BD562BDFEFCA005AABF4 /* Project object */ = {
			isa = PBXProject;
			attributes = {
				BuildIndependentTargetsInParallel = 1;
				LastSwiftUpdateCheck = 1500;
				LastUpgradeCheck = 1500;
				TargetAttributes = {
					9F5A2C5E2C118351008D59E8 = {
						CreatedOnToolsVersion = 15.0.1;
						TestTargetID = 9F90BD5D2BDFEFCB005AABF4;
					};
					9F90BD5D2BDFEFCB005AABF4 = {
						CreatedOnToolsVersion = 15.0.1;
					};
				};
			};
			buildConfigurationList = 9F90BD592BDFEFCA005AABF4 /* Build configuration list for PBXProject "BuildMe_Entrenador" */;
			compatibilityVersion = "Xcode 14.0";
			developmentRegion = en;
			hasScannedForEncodings = 0;
			knownRegions = (
				en,
				Base,
			);
			mainGroup = 9F90BD552BDFEFCA005AABF4;
			packageReferences = (
				9F90BD7D2BDFF1B4005AABF4 /* XCRemoteSwiftPackageReference "firebase-ios-sdk" */,
				9F472E4F2BE01BC000DA8BA1 /* XCRemoteSwiftPackageReference "JGProgressHUD" */,
			);
			productRefGroup = 9F90BD5F2BDFEFCB005AABF4 /* Products */;
			projectDirPath = "";
			projectRoot = "";
			targets = (
				9F90BD5D2BDFEFCB005AABF4 /* BuildMe_Entrenador */,
				9F5A2C5E2C118351008D59E8 /* BuildMe_EntrenadorTests */,
			);
		};
/* End PBXProject section */

/* Begin PBXResourcesBuildPhase section */
		9F5A2C5D2C118351008D59E8 /* Resources */ = {
			isa = PBXResourcesBuildPhase;
			buildActionMask = 2147483647;
			files = (
			);
			runOnlyForDeploymentPostprocessing = 0;
		};
		9F90BD5C2BDFEFCB005AABF4 /* Resources */ = {
			isa = PBXResourcesBuildPhase;
			buildActionMask = 2147483647;
			files = (
				9FB065332BF7B826008963FF /* RoutineDetailViewController.xib in Resources */,
				9F90BDE02BE00025005AABF4 /* UsersViewController.xib in Resources */,
				9F8B4BC02BF27788003A8269 /* UserDetailViewController.xib in Resources */,
				9F5498102BFCB8F700CC8F96 /* FoodDetailViewController.xib in Resources */,
				9F90BDEE2BE003B1005AABF4 /* GoogleService-Info.plist in Resources */,
				9F90BDEC2BE00048005AABF4 /* ProfileViewController.xib in Resources */,
				9F160AB52BF524E700DC4C06 /* DietViewController.xib in Resources */,
				9F90BD6E2BDFEFCD005AABF4 /* LaunchScreen.storyboard in Resources */,
				9F160AB12BF524CC00DC4C06 /* WorkoutViewController.xib in Resources */,
				9FB5BA4E2C0DC8B90004808B /* InfoTaskViewController.xib in Resources */,
				9FE89D3B2BEC0DF700704A4E /* ForgotPasswordViewController.xib in Resources */,
				9F6DB86D2BF4B481001BAC32 /* PrincipalTableViewCell.xib in Resources */,
				9F8D70312BF906BC008817CC /* ExerciseDayViewController.xib in Resources */,
				9F90BD6B2BDFEFCD005AABF4 /* Assets.xcassets in Resources */,
				9FB065382BF7F570008963FF /* DietDetailViewController.xib in Resources */,
				9FD81BDB2BFBBA3800E23350 /* DietDayViewController.xib in Resources */,
				9F90BDDC2BE00013005AABF4 /* SignupViewController.xib in Resources */,
				9F90BDD82BE00007005AABF4 /* LoginViewController.xib in Resources */,
				9F54980C2BFCB8E300CC8F96 /* ExerciseDetailViewController.xib in Resources */,
			);
			runOnlyForDeploymentPostprocessing = 0;
		};
/* End PBXResourcesBuildPhase section */

/* Begin PBXSourcesBuildPhase section */
		9F5A2C5B2C118351008D59E8 /* Sources */ = {
			isa = PBXSourcesBuildPhase;
			buildActionMask = 2147483647;
			files = (
			);
			runOnlyForDeploymentPostprocessing = 0;
		};
		9F90BD5A2BDFEFCB005AABF4 /* Sources */ = {
			isa = PBXSourcesBuildPhase;
			buildActionMask = 2147483647;
			files = (
				9FE89D362BEBD5AB00704A4E /* CustomTextField.swift in Sources */,
				9F90BDC52BDFFE77005AABF4 /* Extension+String.swift in Sources */,
				9FB065322BF7B826008963FF /* RoutineDetailViewController.swift in Sources */,
				9F11449C2BF67500008D650C /* DietViewModel.swift in Sources */,
				9F15CB012BED247A00626A92 /* UsersViewModel.swift in Sources */,
				9FD81BDA2BFBBA3800E23350 /* DietDayViewController.swift in Sources */,
				9F11449A2BF674F6008D650C /* WorkoutViewModel.swift in Sources */,
				9F90BDBD2BDFFDA8005AABF4 /* ProfileViewModel.swift in Sources */,
				9FE89D3A2BEC0DF700704A4E /* ForgotPasswordViewController.swift in Sources */,
				9F160AB92BF5256C00DC4C06 /* Trainer.swift in Sources */,
				9F90BDEB2BE00048005AABF4 /* ProfileViewController.swift in Sources */,
				9F90BDB92BDFFD4E005AABF4 /* LoginViewModel.swift in Sources */,
				9FE89D3D2BEC105F00704A4E /* ForgotPasswordViewModel.swift in Sources */,
				9FB5BA522C0DCB2D0004808B /* InfoTaskViewModel.swift in Sources */,
				9F90BDD72BE00007005AABF4 /* LoginViewController.swift in Sources */,
				9F23467B2BF536CC005FAB13 /* DietDay.swift in Sources */,
				9F00F5A22BF5DAA400A2CE23 /* StregthRoutine.swift in Sources */,
				9F90BDBB2BDFFD7D005AABF4 /* SignupViewModel.swift in Sources */,
				9F6DB86C2BF4B481001BAC32 /* PrincipalTableViewCell.swift in Sources */,
				9FB5BA502C0DCA3C0004808B /* TaskCompleted.swift in Sources */,
				9FB065372BF7F570008963FF /* DietDetailViewController.swift in Sources */,
				9F90BDC72BDFFEB2005AABF4 /* Extension+UIImageView.swift in Sources */,
				9F90BD622BDFEFCB005AABF4 /* AppDelegate.swift in Sources */,
				9F160AB02BF524CC00DC4C06 /* WorkoutViewController.swift in Sources */,
				9F0F08612BF3D8B500CDF0C0 /* Extension+NSMutableParagraphStyle.swift in Sources */,
				9F90BD642BDFEFCB005AABF4 /* SceneDelegate.swift in Sources */,
				9F90BDDB2BE00013005AABF4 /* SignupViewController.swift in Sources */,
				9F23466E2BF52D04005FAB13 /* Enums.swift in Sources */,
				9F2346752BF52F80005FAB13 /* Training.swift in Sources */,
				9F8D70302BF906BC008817CC /* ExerciseDayViewController.swift in Sources */,
				9F90BDDF2BE00025005AABF4 /* UsersViewController.swift in Sources */,
				9F8AAC0D2C0F284500A0F005 /* Extension+UIImage.swift in Sources */,
				9F54980B2BFCB8E300CC8F96 /* ExerciseDetailViewController.swift in Sources */,
				9F02647D2BF5FA7200B39F9F /* MediterranianDiet.swift in Sources */,
				9F90BDC92BDFFED9005AABF4 /* Extension+UITextfield.swift in Sources */,
				9F90BDD42BDFFFDE005AABF4 /* TabBarController.swift in Sources */,
				9F90BDC32BDFFE29005AABF4 /* Constants.swift in Sources */,
				9F2346732BF52DBE005FAB13 /* ExerciseDay.swift in Sources */,
				9F54980F2BFCB8F700CC8F96 /* FoodDetailViewController.swift in Sources */,
				9FB5BA492C0DC8670004808B /* CustomTableViewCell.swift in Sources */,
				9F90BDCB2BDFFEFE005AABF4 /* Extension+UIView.swift in Sources */,
				9F8B4BC22BF279C2003A8269 /* Athlete.swift in Sources */,
				9FB5BA552C0DD3A40004808B /* PopupViewController.swift in Sources */,
				9FB5BA4D2C0DC8B90004808B /* InfoTaskViewController.swift in Sources */,
				9F2346792BF535FC005FAB13 /* NutritionalValues.swift in Sources */,
				9F23467D2BF5375D005FAB13 /* Diet.swift in Sources */,
				9F8B4BBF2BF27788003A8269 /* UserDetailViewController.swift in Sources */,
				9F23466C2BF52B19005FAB13 /* Exercise.swift in Sources */,
				9F2346772BF5310D005FAB13 /* Recipe.swift in Sources */,
				9F160AB42BF524E700DC4C06 /* DietViewController.swift in Sources */,
			);
			runOnlyForDeploymentPostprocessing = 0;
		};
/* End PBXSourcesBuildPhase section */

/* Begin PBXTargetDependency section */
		9F5A2C642C118352008D59E8 /* PBXTargetDependency */ = {
			isa = PBXTargetDependency;
			target = 9F90BD5D2BDFEFCB005AABF4 /* BuildMe_Entrenador */;
			targetProxy = 9F5A2C632C118352008D59E8 /* PBXContainerItemProxy */;
		};
/* End PBXTargetDependency section */

/* Begin PBXVariantGroup section */
		9F90BD6C2BDFEFCD005AABF4 /* LaunchScreen.storyboard */ = {
			isa = PBXVariantGroup;
			children = (
				9F90BD6D2BDFEFCD005AABF4 /* Base */,
			);
			name = LaunchScreen.storyboard;
			sourceTree = "<group>";
		};
/* End PBXVariantGroup section */

/* Begin XCBuildConfiguration section */
		9F5A2C652C118352008D59E8 /* Debug */ = {
			isa = XCBuildConfiguration;
			buildSettings = {
				BUNDLE_LOADER = "$(TEST_HOST)";
				CODE_SIGN_STYLE = Automatic;
				CURRENT_PROJECT_VERSION = 1;
				DEVELOPMENT_TEAM = QKXUJ9425T;
				GENERATE_INFOPLIST_FILE = YES;
				MARKETING_VERSION = 1.0;
				PRODUCT_BUNDLE_IDENTIFIER = "com.alerodca.BuildMe-EntrenadorTests";
				PRODUCT_NAME = "$(TARGET_NAME)";
				SWIFT_EMIT_LOC_STRINGS = NO;
				SWIFT_VERSION = 5.0;
				TARGETED_DEVICE_FAMILY = "1,2";
				TEST_HOST = "$(BUILT_PRODUCTS_DIR)/BuildMe_Entrenador.app/$(BUNDLE_EXECUTABLE_FOLDER_PATH)/BuildMe_Entrenador";
			};
			name = Debug;
		};
		9F5A2C662C118352008D59E8 /* Release */ = {
			isa = XCBuildConfiguration;
			buildSettings = {
				BUNDLE_LOADER = "$(TEST_HOST)";
				CODE_SIGN_STYLE = Automatic;
				CURRENT_PROJECT_VERSION = 1;
				DEVELOPMENT_TEAM = QKXUJ9425T;
				GENERATE_INFOPLIST_FILE = YES;
				MARKETING_VERSION = 1.0;
				PRODUCT_BUNDLE_IDENTIFIER = "com.alerodca.BuildMe-EntrenadorTests";
				PRODUCT_NAME = "$(TARGET_NAME)";
				SWIFT_EMIT_LOC_STRINGS = NO;
				SWIFT_VERSION = 5.0;
				TARGETED_DEVICE_FAMILY = "1,2";
				TEST_HOST = "$(BUILT_PRODUCTS_DIR)/BuildMe_Entrenador.app/$(BUNDLE_EXECUTABLE_FOLDER_PATH)/BuildMe_Entrenador";
			};
			name = Release;
		};
		9F90BD702BDFEFCD005AABF4 /* Debug */ = {
			isa = XCBuildConfiguration;
			buildSettings = {
				ALWAYS_SEARCH_USER_PATHS = NO;
				ASSETCATALOG_COMPILER_GENERATE_SWIFT_ASSET_SYMBOL_EXTENSIONS = YES;
				CLANG_ANALYZER_NONNULL = YES;
				CLANG_ANALYZER_NUMBER_OBJECT_CONVERSION = YES_AGGRESSIVE;
				CLANG_CXX_LANGUAGE_STANDARD = "gnu++20";
				CLANG_ENABLE_MODULES = YES;
				CLANG_ENABLE_OBJC_ARC = YES;
				CLANG_ENABLE_OBJC_WEAK = YES;
				CLANG_WARN_BLOCK_CAPTURE_AUTORELEASING = YES;
				CLANG_WARN_BOOL_CONVERSION = YES;
				CLANG_WARN_COMMA = YES;
				CLANG_WARN_CONSTANT_CONVERSION = YES;
				CLANG_WARN_DEPRECATED_OBJC_IMPLEMENTATIONS = YES;
				CLANG_WARN_DIRECT_OBJC_ISA_USAGE = YES_ERROR;
				CLANG_WARN_DOCUMENTATION_COMMENTS = YES;
				CLANG_WARN_EMPTY_BODY = YES;
				CLANG_WARN_ENUM_CONVERSION = YES;
				CLANG_WARN_INFINITE_RECURSION = YES;
				CLANG_WARN_INT_CONVERSION = YES;
				CLANG_WARN_NON_LITERAL_NULL_CONVERSION = YES;
				CLANG_WARN_OBJC_IMPLICIT_RETAIN_SELF = YES;
				CLANG_WARN_OBJC_LITERAL_CONVERSION = YES;
				CLANG_WARN_OBJC_ROOT_CLASS = YES_ERROR;
				CLANG_WARN_QUOTED_INCLUDE_IN_FRAMEWORK_HEADER = YES;
				CLANG_WARN_RANGE_LOOP_ANALYSIS = YES;
				CLANG_WARN_STRICT_PROTOTYPES = YES;
				CLANG_WARN_SUSPICIOUS_MOVE = YES;
				CLANG_WARN_UNGUARDED_AVAILABILITY = YES_AGGRESSIVE;
				CLANG_WARN_UNREACHABLE_CODE = YES;
				CLANG_WARN__DUPLICATE_METHOD_MATCH = YES;
				COPY_PHASE_STRIP = NO;
				DEBUG_INFORMATION_FORMAT = dwarf;
				ENABLE_STRICT_OBJC_MSGSEND = YES;
				ENABLE_TESTABILITY = YES;
				ENABLE_USER_SCRIPT_SANDBOXING = YES;
				GCC_C_LANGUAGE_STANDARD = gnu17;
				GCC_DYNAMIC_NO_PIC = NO;
				GCC_NO_COMMON_BLOCKS = YES;
				GCC_OPTIMIZATION_LEVEL = 0;
				GCC_PREPROCESSOR_DEFINITIONS = (
					"DEBUG=1",
					"$(inherited)",
				);
				GCC_WARN_64_TO_32_BIT_CONVERSION = YES;
				GCC_WARN_ABOUT_RETURN_TYPE = YES_ERROR;
				GCC_WARN_UNDECLARED_SELECTOR = YES;
				GCC_WARN_UNINITIALIZED_AUTOS = YES_AGGRESSIVE;
				GCC_WARN_UNUSED_FUNCTION = YES;
				GCC_WARN_UNUSED_VARIABLE = YES;
				IPHONEOS_DEPLOYMENT_TARGET = 17.0;
				LOCALIZATION_PREFERS_STRING_CATALOGS = YES;
				MTL_ENABLE_DEBUG_INFO = INCLUDE_SOURCE;
				MTL_FAST_MATH = YES;
				ONLY_ACTIVE_ARCH = YES;
				SDKROOT = iphoneos;
				SWIFT_ACTIVE_COMPILATION_CONDITIONS = "DEBUG $(inherited)";
				SWIFT_OPTIMIZATION_LEVEL = "-Onone";
			};
			name = Debug;
		};
		9F90BD712BDFEFCD005AABF4 /* Release */ = {
			isa = XCBuildConfiguration;
			buildSettings = {
				ALWAYS_SEARCH_USER_PATHS = NO;
				ASSETCATALOG_COMPILER_GENERATE_SWIFT_ASSET_SYMBOL_EXTENSIONS = YES;
				CLANG_ANALYZER_NONNULL = YES;
				CLANG_ANALYZER_NUMBER_OBJECT_CONVERSION = YES_AGGRESSIVE;
				CLANG_CXX_LANGUAGE_STANDARD = "gnu++20";
				CLANG_ENABLE_MODULES = YES;
				CLANG_ENABLE_OBJC_ARC = YES;
				CLANG_ENABLE_OBJC_WEAK = YES;
				CLANG_WARN_BLOCK_CAPTURE_AUTORELEASING = YES;
				CLANG_WARN_BOOL_CONVERSION = YES;
				CLANG_WARN_COMMA = YES;
				CLANG_WARN_CONSTANT_CONVERSION = YES;
				CLANG_WARN_DEPRECATED_OBJC_IMPLEMENTATIONS = YES;
				CLANG_WARN_DIRECT_OBJC_ISA_USAGE = YES_ERROR;
				CLANG_WARN_DOCUMENTATION_COMMENTS = YES;
				CLANG_WARN_EMPTY_BODY = YES;
				CLANG_WARN_ENUM_CONVERSION = YES;
				CLANG_WARN_INFINITE_RECURSION = YES;
				CLANG_WARN_INT_CONVERSION = YES;
				CLANG_WARN_NON_LITERAL_NULL_CONVERSION = YES;
				CLANG_WARN_OBJC_IMPLICIT_RETAIN_SELF = YES;
				CLANG_WARN_OBJC_LITERAL_CONVERSION = YES;
				CLANG_WARN_OBJC_ROOT_CLASS = YES_ERROR;
				CLANG_WARN_QUOTED_INCLUDE_IN_FRAMEWORK_HEADER = YES;
				CLANG_WARN_RANGE_LOOP_ANALYSIS = YES;
				CLANG_WARN_STRICT_PROTOTYPES = YES;
				CLANG_WARN_SUSPICIOUS_MOVE = YES;
				CLANG_WARN_UNGUARDED_AVAILABILITY = YES_AGGRESSIVE;
				CLANG_WARN_UNREACHABLE_CODE = YES;
				CLANG_WARN__DUPLICATE_METHOD_MATCH = YES;
				COPY_PHASE_STRIP = NO;
				DEBUG_INFORMATION_FORMAT = "dwarf-with-dsym";
				ENABLE_NS_ASSERTIONS = NO;
				ENABLE_STRICT_OBJC_MSGSEND = YES;
				ENABLE_USER_SCRIPT_SANDBOXING = YES;
				GCC_C_LANGUAGE_STANDARD = gnu17;
				GCC_NO_COMMON_BLOCKS = YES;
				GCC_WARN_64_TO_32_BIT_CONVERSION = YES;
				GCC_WARN_ABOUT_RETURN_TYPE = YES_ERROR;
				GCC_WARN_UNDECLARED_SELECTOR = YES;
				GCC_WARN_UNINITIALIZED_AUTOS = YES_AGGRESSIVE;
				GCC_WARN_UNUSED_FUNCTION = YES;
				GCC_WARN_UNUSED_VARIABLE = YES;
				IPHONEOS_DEPLOYMENT_TARGET = 17.0;
				LOCALIZATION_PREFERS_STRING_CATALOGS = YES;
				MTL_ENABLE_DEBUG_INFO = NO;
				MTL_FAST_MATH = YES;
				SDKROOT = iphoneos;
				SWIFT_COMPILATION_MODE = wholemodule;
				VALIDATE_PRODUCT = YES;
			};
			name = Release;
		};
		9F90BD732BDFEFCD005AABF4 /* Debug */ = {
			isa = XCBuildConfiguration;
			buildSettings = {
				ASSETCATALOG_COMPILER_APPICON_NAME = AppIcon;
				ASSETCATALOG_COMPILER_GLOBAL_ACCENT_COLOR_NAME = AccentColor;
				CODE_SIGN_STYLE = Automatic;
				CURRENT_PROJECT_VERSION = 1;
				DEVELOPMENT_TEAM = QKXUJ9425T;
				GENERATE_INFOPLIST_FILE = YES;
				INFOPLIST_FILE = BuildMe_Entrenador/Info.plist;
				INFOPLIST_KEY_CFBundleDisplayName = Entrenador;
				INFOPLIST_KEY_UIApplicationSupportsIndirectInputEvents = YES;
				INFOPLIST_KEY_UILaunchStoryboardName = LaunchScreen;
				INFOPLIST_KEY_UISupportedInterfaceOrientations_iPad = "UIInterfaceOrientationPortrait UIInterfaceOrientationPortraitUpsideDown UIInterfaceOrientationLandscapeLeft UIInterfaceOrientationLandscapeRight";
				INFOPLIST_KEY_UISupportedInterfaceOrientations_iPhone = "UIInterfaceOrientationPortrait UIInterfaceOrientationLandscapeLeft UIInterfaceOrientationLandscapeRight";
				LD_RUNPATH_SEARCH_PATHS = (
					"$(inherited)",
					"@executable_path/Frameworks",
				);
				MARKETING_VERSION = 1.0;
				PRODUCT_BUNDLE_IDENTIFIER = "com.alerodca.BuildMe-Entrenador";
				PRODUCT_NAME = "$(TARGET_NAME)";
				SWIFT_EMIT_LOC_STRINGS = YES;
				SWIFT_VERSION = 5.0;
				TARGETED_DEVICE_FAMILY = "1,2";
			};
			name = Debug;
		};
		9F90BD742BDFEFCD005AABF4 /* Release */ = {
			isa = XCBuildConfiguration;
			buildSettings = {
				ASSETCATALOG_COMPILER_APPICON_NAME = AppIcon;
				ASSETCATALOG_COMPILER_GLOBAL_ACCENT_COLOR_NAME = AccentColor;
				CODE_SIGN_STYLE = Automatic;
				CURRENT_PROJECT_VERSION = 1;
				DEVELOPMENT_TEAM = QKXUJ9425T;
				GENERATE_INFOPLIST_FILE = YES;
				INFOPLIST_FILE = BuildMe_Entrenador/Info.plist;
				INFOPLIST_KEY_CFBundleDisplayName = Entrenador;
				INFOPLIST_KEY_UIApplicationSupportsIndirectInputEvents = YES;
				INFOPLIST_KEY_UILaunchStoryboardName = LaunchScreen;
				INFOPLIST_KEY_UISupportedInterfaceOrientations_iPad = "UIInterfaceOrientationPortrait UIInterfaceOrientationPortraitUpsideDown UIInterfaceOrientationLandscapeLeft UIInterfaceOrientationLandscapeRight";
				INFOPLIST_KEY_UISupportedInterfaceOrientations_iPhone = "UIInterfaceOrientationPortrait UIInterfaceOrientationLandscapeLeft UIInterfaceOrientationLandscapeRight";
				LD_RUNPATH_SEARCH_PATHS = (
					"$(inherited)",
					"@executable_path/Frameworks",
				);
				MARKETING_VERSION = 1.0;
				PRODUCT_BUNDLE_IDENTIFIER = "com.alerodca.BuildMe-Entrenador";
				PRODUCT_NAME = "$(TARGET_NAME)";
				SWIFT_EMIT_LOC_STRINGS = YES;
				SWIFT_VERSION = 5.0;
				TARGETED_DEVICE_FAMILY = "1,2";
			};
			name = Release;
		};
/* End XCBuildConfiguration section */

/* Begin XCConfigurationList section */
		9F5A2C672C118352008D59E8 /* Build configuration list for PBXNativeTarget "BuildMe_EntrenadorTests" */ = {
			isa = XCConfigurationList;
			buildConfigurations = (
				9F5A2C652C118352008D59E8 /* Debug */,
				9F5A2C662C118352008D59E8 /* Release */,
			);
			defaultConfigurationIsVisible = 0;
			defaultConfigurationName = Release;
		};
		9F90BD592BDFEFCA005AABF4 /* Build configuration list for PBXProject "BuildMe_Entrenador" */ = {
			isa = XCConfigurationList;
			buildConfigurations = (
				9F90BD702BDFEFCD005AABF4 /* Debug */,
				9F90BD712BDFEFCD005AABF4 /* Release */,
			);
			defaultConfigurationIsVisible = 0;
			defaultConfigurationName = Release;
		};
		9F90BD722BDFEFCD005AABF4 /* Build configuration list for PBXNativeTarget "BuildMe_Entrenador" */ = {
			isa = XCConfigurationList;
			buildConfigurations = (
				9F90BD732BDFEFCD005AABF4 /* Debug */,
				9F90BD742BDFEFCD005AABF4 /* Release */,
			);
			defaultConfigurationIsVisible = 0;
			defaultConfigurationName = Release;
		};
/* End XCConfigurationList section */

/* Begin XCRemoteSwiftPackageReference section */
		9F472E4F2BE01BC000DA8BA1 /* XCRemoteSwiftPackageReference "JGProgressHUD" */ = {
			isa = XCRemoteSwiftPackageReference;
			repositoryURL = "git@github.com:JonasGessner/JGProgressHUD.git";
			requirement = {
				kind = upToNextMajorVersion;
				minimumVersion = 2.2.0;
			};
		};
		9F90BD7D2BDFF1B4005AABF4 /* XCRemoteSwiftPackageReference "firebase-ios-sdk" */ = {
			isa = XCRemoteSwiftPackageReference;
			repositoryURL = "https://github.com/firebase/firebase-ios-sdk.git";
			requirement = {
				kind = upToNextMajorVersion;
				minimumVersion = 10.24.0;
			};
		};
/* End XCRemoteSwiftPackageReference section */

/* Begin XCSwiftPackageProductDependency section */
		9F472E502BE01BC000DA8BA1 /* JGProgressHUD */ = {
			isa = XCSwiftPackageProductDependency;
			package = 9F472E4F2BE01BC000DA8BA1 /* XCRemoteSwiftPackageReference "JGProgressHUD" */;
			productName = JGProgressHUD;
		};
		9F90BD7E2BDFF1B4005AABF4 /* FirebaseAnalytics */ = {
			isa = XCSwiftPackageProductDependency;
			package = 9F90BD7D2BDFF1B4005AABF4 /* XCRemoteSwiftPackageReference "firebase-ios-sdk" */;
			productName = FirebaseAnalytics;
		};
		9F90BD802BDFF1B4005AABF4 /* FirebaseAnalyticsOnDeviceConversion */ = {
			isa = XCSwiftPackageProductDependency;
			package = 9F90BD7D2BDFF1B4005AABF4 /* XCRemoteSwiftPackageReference "firebase-ios-sdk" */;
			productName = FirebaseAnalyticsOnDeviceConversion;
		};
		9F90BD822BDFF1B4005AABF4 /* FirebaseAnalyticsSwift */ = {
			isa = XCSwiftPackageProductDependency;
			package = 9F90BD7D2BDFF1B4005AABF4 /* XCRemoteSwiftPackageReference "firebase-ios-sdk" */;
			productName = FirebaseAnalyticsSwift;
		};
		9F90BD842BDFF1B4005AABF4 /* FirebaseAnalyticsWithoutAdIdSupport */ = {
			isa = XCSwiftPackageProductDependency;
			package = 9F90BD7D2BDFF1B4005AABF4 /* XCRemoteSwiftPackageReference "firebase-ios-sdk" */;
			productName = FirebaseAnalyticsWithoutAdIdSupport;
		};
		9F90BD862BDFF1B4005AABF4 /* FirebaseAppCheck */ = {
			isa = XCSwiftPackageProductDependency;
			package = 9F90BD7D2BDFF1B4005AABF4 /* XCRemoteSwiftPackageReference "firebase-ios-sdk" */;
			productName = FirebaseAppCheck;
		};
		9F90BD882BDFF1B4005AABF4 /* FirebaseAppDistribution-Beta */ = {
			isa = XCSwiftPackageProductDependency;
			package = 9F90BD7D2BDFF1B4005AABF4 /* XCRemoteSwiftPackageReference "firebase-ios-sdk" */;
			productName = "FirebaseAppDistribution-Beta";
		};
		9F90BD8A2BDFF1B4005AABF4 /* FirebaseAuth */ = {
			isa = XCSwiftPackageProductDependency;
			package = 9F90BD7D2BDFF1B4005AABF4 /* XCRemoteSwiftPackageReference "firebase-ios-sdk" */;
			productName = FirebaseAuth;
		};
		9F90BD8C2BDFF1B4005AABF4 /* FirebaseAuthCombine-Community */ = {
			isa = XCSwiftPackageProductDependency;
			package = 9F90BD7D2BDFF1B4005AABF4 /* XCRemoteSwiftPackageReference "firebase-ios-sdk" */;
			productName = "FirebaseAuthCombine-Community";
		};
		9F90BD8E2BDFF1B4005AABF4 /* FirebaseCrashlytics */ = {
			isa = XCSwiftPackageProductDependency;
			package = 9F90BD7D2BDFF1B4005AABF4 /* XCRemoteSwiftPackageReference "firebase-ios-sdk" */;
			productName = FirebaseCrashlytics;
		};
		9F90BD902BDFF1B4005AABF4 /* FirebaseDatabase */ = {
			isa = XCSwiftPackageProductDependency;
			package = 9F90BD7D2BDFF1B4005AABF4 /* XCRemoteSwiftPackageReference "firebase-ios-sdk" */;
			productName = FirebaseDatabase;
		};
		9F90BD922BDFF1B4005AABF4 /* FirebaseDatabaseSwift */ = {
			isa = XCSwiftPackageProductDependency;
			package = 9F90BD7D2BDFF1B4005AABF4 /* XCRemoteSwiftPackageReference "firebase-ios-sdk" */;
			productName = FirebaseDatabaseSwift;
		};
		9F90BD942BDFF1B4005AABF4 /* FirebaseDynamicLinks */ = {
			isa = XCSwiftPackageProductDependency;
			package = 9F90BD7D2BDFF1B4005AABF4 /* XCRemoteSwiftPackageReference "firebase-ios-sdk" */;
			productName = FirebaseDynamicLinks;
		};
		9F90BD962BDFF1B4005AABF4 /* FirebaseFirestore */ = {
			isa = XCSwiftPackageProductDependency;
			package = 9F90BD7D2BDFF1B4005AABF4 /* XCRemoteSwiftPackageReference "firebase-ios-sdk" */;
			productName = FirebaseFirestore;
		};
		9F90BD982BDFF1B4005AABF4 /* FirebaseFirestoreCombine-Community */ = {
			isa = XCSwiftPackageProductDependency;
			package = 9F90BD7D2BDFF1B4005AABF4 /* XCRemoteSwiftPackageReference "firebase-ios-sdk" */;
			productName = "FirebaseFirestoreCombine-Community";
		};
		9F90BD9A2BDFF1B4005AABF4 /* FirebaseFirestoreSwift */ = {
			isa = XCSwiftPackageProductDependency;
			package = 9F90BD7D2BDFF1B4005AABF4 /* XCRemoteSwiftPackageReference "firebase-ios-sdk" */;
			productName = FirebaseFirestoreSwift;
		};
		9F90BD9C2BDFF1B4005AABF4 /* FirebaseFunctions */ = {
			isa = XCSwiftPackageProductDependency;
			package = 9F90BD7D2BDFF1B4005AABF4 /* XCRemoteSwiftPackageReference "firebase-ios-sdk" */;
			productName = FirebaseFunctions;
		};
		9F90BD9E2BDFF1B4005AABF4 /* FirebaseFunctionsCombine-Community */ = {
			isa = XCSwiftPackageProductDependency;
			package = 9F90BD7D2BDFF1B4005AABF4 /* XCRemoteSwiftPackageReference "firebase-ios-sdk" */;
			productName = "FirebaseFunctionsCombine-Community";
		};
		9F90BDA02BDFF1B4005AABF4 /* FirebaseInAppMessaging-Beta */ = {
			isa = XCSwiftPackageProductDependency;
			package = 9F90BD7D2BDFF1B4005AABF4 /* XCRemoteSwiftPackageReference "firebase-ios-sdk" */;
			productName = "FirebaseInAppMessaging-Beta";
		};
		9F90BDA22BDFF1B4005AABF4 /* FirebaseInAppMessagingSwift-Beta */ = {
			isa = XCSwiftPackageProductDependency;
			package = 9F90BD7D2BDFF1B4005AABF4 /* XCRemoteSwiftPackageReference "firebase-ios-sdk" */;
			productName = "FirebaseInAppMessagingSwift-Beta";
		};
		9F90BDA42BDFF1B4005AABF4 /* FirebaseInstallations */ = {
			isa = XCSwiftPackageProductDependency;
			package = 9F90BD7D2BDFF1B4005AABF4 /* XCRemoteSwiftPackageReference "firebase-ios-sdk" */;
			productName = FirebaseInstallations;
		};
		9F90BDA62BDFF1B4005AABF4 /* FirebaseMLModelDownloader */ = {
			isa = XCSwiftPackageProductDependency;
			package = 9F90BD7D2BDFF1B4005AABF4 /* XCRemoteSwiftPackageReference "firebase-ios-sdk" */;
			productName = FirebaseMLModelDownloader;
		};
		9F90BDA82BDFF1B4005AABF4 /* FirebaseMessaging */ = {
			isa = XCSwiftPackageProductDependency;
			package = 9F90BD7D2BDFF1B4005AABF4 /* XCRemoteSwiftPackageReference "firebase-ios-sdk" */;
			productName = FirebaseMessaging;
		};
		9F90BDAA2BDFF1B4005AABF4 /* FirebasePerformance */ = {
			isa = XCSwiftPackageProductDependency;
			package = 9F90BD7D2BDFF1B4005AABF4 /* XCRemoteSwiftPackageReference "firebase-ios-sdk" */;
			productName = FirebasePerformance;
		};
		9F90BDAC2BDFF1B4005AABF4 /* FirebaseRemoteConfig */ = {
			isa = XCSwiftPackageProductDependency;
			package = 9F90BD7D2BDFF1B4005AABF4 /* XCRemoteSwiftPackageReference "firebase-ios-sdk" */;
			productName = FirebaseRemoteConfig;
		};
		9F90BDAE2BDFF1B4005AABF4 /* FirebaseRemoteConfigSwift */ = {
			isa = XCSwiftPackageProductDependency;
			package = 9F90BD7D2BDFF1B4005AABF4 /* XCRemoteSwiftPackageReference "firebase-ios-sdk" */;
			productName = FirebaseRemoteConfigSwift;
		};
		9F90BDB02BDFF1B4005AABF4 /* FirebaseStorage */ = {
			isa = XCSwiftPackageProductDependency;
			package = 9F90BD7D2BDFF1B4005AABF4 /* XCRemoteSwiftPackageReference "firebase-ios-sdk" */;
			productName = FirebaseStorage;
		};
		9F90BDB22BDFF1B4005AABF4 /* FirebaseStorageCombine-Community */ = {
			isa = XCSwiftPackageProductDependency;
			package = 9F90BD7D2BDFF1B4005AABF4 /* XCRemoteSwiftPackageReference "firebase-ios-sdk" */;
			productName = "FirebaseStorageCombine-Community";
		};
/* End XCSwiftPackageProductDependency section */
	};
	rootObject = 9F90BD562BDFEFCA005AABF4 /* Project object */;
}
